
Microsoft Visual Studio Solution File, Format Version 12.00
# Visual Studio Version 17
VisualStudioVersion = 17.11.35312.102
MinimumVisualStudioVersion = 10.0.40219.1
Project("{FAE04EC0-301F-11D3-BF4B-00C04F79EFBC}") = "petrol otomasyon", "petrol otomasyon\petrol otomasyon.csproj", "{718270CA-35CF-498A-86F8-3D85FCC68338}"
EndProject
Global
	GlobalSection(SolutionConfigurationPlatforms) = preSolution
		Debug|Any CPU = Debug|Any CPU
		Release|Any CPU = Release|Any CPU
	EndGlobalSection
	GlobalSection(ProjectConfigurationPlatforms) = postSolution
		{718270CA-35CF-498A-86F8-3D85FCC68338}.Debug|Any CPU.ActiveCfg = Debug|Any CPU
		{718270CA-35CF-498A-86F8-3D85FCC68338}.Debug|Any CPU.Build.0 = Debug|Any CPU
		{718270CA-35CF-498A-86F8-3D85FCC68338}.Release|Any CPU.ActiveCfg = Release|Any CPU
		{718270CA-35CF-498A-86F8-3D85FCC68338}.Release|Any CPU.Build.0 = Release|Any CPU
	EndGlobalSection
	GlobalSection(SolutionProperties) = preSolution
		HideSolutionNode = FALSE
	EndGlobalSection
	GlobalSection(ExtensibilityGlobals) = postSolution
		SolutionGuid = {B762C4A7-BAB8-49EA-B879-2FB9E651DF60}
	EndGlobalSection
EndGlobal
